
Microsoft Visual Studio Solution File, Format Version 12.00
# Visual Studio 15
VisualStudioVersion = 15.0.27703.2026
MinimumVisualStudioVersion = 10.0.40219.1
Project("{FAE04EC0-301F-11D3-BF4B-00C04F79EFBC}") = "Digital Signing Library", "Digital Signing Library\Digital Signing Library.csproj", "{916B9E8D-75CE-4F97-A93D-C21456356769}"
EndProject
Global
	GlobalSection(SolutionConfigurationPlatforms) = preSolution
		Debug|Any CPU = Debug|Any CPU
		Release|Any CPU = Release|Any CPU
	EndGlobalSection
	GlobalSection(ProjectConfigurationPlatforms) = postSolution
		{916B9E8D-75CE-4F97-A93D-C21456356769}.Debug|Any CPU.ActiveCfg = Debug|Any CPU
		{916B9E8D-75CE-4F97-A93D-C21456356769}.Debug|Any CPU.Build.0 = Debug|Any CPU
		{916B9E8D-75CE-4F97-A93D-C21456356769}.Release|Any CPU.ActiveCfg = Release|Any CPU
		{916B9E8D-75CE-4F97-A93D-C21456356769}.Release|Any CPU.Build.0 = Release|Any CPU
	EndGlobalSection
	GlobalSection(SolutionProperties) = preSolution
		HideSolutionNode = FALSE
	EndGlobalSection
	GlobalSection(ExtensibilityGlobals) = postSolution
		SolutionGuid = {D3FDD7F2-9FC5-403C-A8C2-4E383171DDE1}
	EndGlobalSection
EndGlobal
